<?xml version="1.0"?>
<CONFIG>
  <ProjectOptions>
    <PathDelim Value="\"/>
    <Version Value="7"/>
    <General>
      <Flags>
        <MainUnitHasUsesSectionForAllUnits Value="False"/>
        <MainUnitHasCreateFormStatements Value="False"/>
        <MainUnitHasTitleStatement Value="False"/>
      </Flags>
      <MainUnit Value="0"/>
      <TargetFileExt Value=".exe"/>
      <Icon Value="0"/>
      <UseXPManifest Value="True"/>
      <ActiveEditorIndexAtStart Value="0"/>
    </General>
    <VersionInfo>
      <ProjectVersion Value=""/>
      <Language Value=""/>
      <CharSet Value=""/>
    </VersionInfo>
    <PublishOptions>
      <Version Value="2"/>
      <IgnoreBinaries Value="False"/>
      <IncludeFileFilter Value="*.(pas|pp|inc|lfm|lpr|lrs|lpi|lpk|sh|xml)"/>
      <ExcludeFileFilter Value="*.(bak|ppu|ppw|o|so);*~;backup"/>
    </PublishOptions>
    <RunParams>
      <local>
        <FormatVersion Value="1"/>
        <LaunchingApplication PathPlusParams="/usr/X11R6/bin/xterm -T 'Lazarus Run Output' -e $(LazarusDir)/tools/runwait.sh $(TargetCmdLine)"/>
      </local>
    </RunParams>
    <Units Count="1">
      <Unit0>
        <Filename Value="cover.pas"/>
        <IsPartOfProject Value="True"/>
        <UnitName Value="cover"/>
        <CursorPos X="46" Y="66"/>
        <TopLine Value="53"/>
        <EditorIndex Value="0"/>
        <UsageCount Value="20"/>
        <Loaded Value="True"/>
      </Unit0>
    </Units>
    <JumpHistory Count="13" HistoryIndex="12">
      <Position1>
        <Filename Value="cover.pas"/>
        <Caret Line="24" Column="30" TopLine="9"/>
      </Position1>
      <Position2>
        <Filename Value="cover.pas"/>
        <Caret Line="9" Column="9" TopLine="1"/>
      </Position2>
      <Position3>
        <Filename Value="cover.pas"/>
        <Caret Line="8" Column="32" TopLine="1"/>
      </Position3>
      <Position4>
        <Filename Value="cover.pas"/>
        <Caret Line="9" Column="13" TopLine="1"/>
      </Position4>
      <Position5>
        <Filename Value="cover.pas"/>
        <Caret Line="60" Column="17" TopLine="48"/>
      </Position5>
      <Position6>
        <Filename Value="cover.pas"/>
        <Caret Line="66" Column="46" TopLine="52"/>
      </Position6>
      <Position7>
        <Filename Value="cover.pas"/>
        <Caret Line="69" Column="14" TopLine="55"/>
      </Position7>
      <Position8>
        <Filename Value="cover.pas"/>
        <Caret Line="63" Column="6" TopLine="57"/>
      </Position8>
      <Position9>
        <Filename Value="cover.pas"/>
        <Caret Line="77" Column="40" TopLine="63"/>
      </Position9>
      <Position10>
        <Filename Value="cover.pas"/>
        <Caret Line="107" Column="11" TopLine="83"/>
      </Position10>
      <Position11>
        <Filename Value="cover.pas"/>
        <Caret Line="66" Column="21" TopLine="52"/>
      </Position11>
      <Position12>
        <Filename Value="cover.pas"/>
        <Caret Line="83" Column="27" TopLine="69"/>
      </Position12>
      <Position13>
        <Filename Value="cover.pas"/>
        <Caret Line="73" Column="6" TopLine="65"/>
      </Position13>
    </JumpHistory>
  </ProjectOptions>
  <CompilerOptions>
    <Version Value="8"/>
    <PathDelim Value="\"/>
    <SearchPaths>
      <IncludeFiles Value="$(ProjOutDir)\"/>
    </SearchPaths>
    <Other>
      <CompilerPath Value="$(CompPath)"/>
    </Other>
  </CompilerOptions>
  <Debugging>
    <Watches Count="5">
      <Item1>
        <Expression Value="a[1]"/>
      </Item1>
      <Item2>
        <Expression Value="a[2]"/>
      </Item2>
      <Item3>
        <Expression Value="a[3]"/>
      </Item3>
      <Item4>
        <Expression Value="a[4]"/>
      </Item4>
      <Item5>
        <Expression Value="col[1]"/>
      </Item5>
    </Watches>
    <Exceptions Count="3">
      <Item1>
        <Name Value="EAbort"/>
      </Item1>
      <Item2>
        <Name Value="ECodetoolError"/>
      </Item2>
      <Item3>
        <Name Value="EFOpenError"/>
      </Item3>
    </Exceptions>
  </Debugging>
</CONFIG>
