<?xml version="1.0"?>
<CONFIG>
  <ProjectOptions>
    <PathDelim Value="\"/>
    <Version Value="5"/>
    <General>
      <Flags>
        <MainUnitHasUsesSectionForAllUnits Value="False"/>
        <MainUnitHasCreateFormStatements Value="False"/>
        <MainUnitHasTitleStatement Value="False"/>
      </Flags>
      <MainUnit Value="0"/>
      <TargetFileExt Value=".exe"/>
      <ActiveEditorIndexAtStart Value="0"/>
    </General>
    <VersionInfo>
      <ProjectVersion Value=""/>
      <Language Value=""/>
      <CharSet Value=""/>
    </VersionInfo>
    <PublishOptions>
      <Version Value="2"/>
      <IgnoreBinaries Value="False"/>
      <IncludeFileFilter Value="*.(pas|pp|inc|lfm|lpr|lrs|lpi|lpk|sh|xml)"/>
      <ExcludeFileFilter Value="*.(bak|ppu|ppw|o|so);*~;backup"/>
    </PublishOptions>
    <RunParams>
      <local>
        <FormatVersion Value="1"/>
        <LaunchingApplication PathPlusParams="/usr/X11R6/bin/xterm -T 'Lazarus Run Output' -e $(LazarusDir)/tools/runwait.sh $(TargetCmdLine)"/>
      </local>
    </RunParams>
    <Units Count="1">
      <Unit0>
        <Filename Value="prz.pas"/>
        <IsPartOfProject Value="True"/>
        <UnitName Value="prz"/>
        <CursorPos X="17" Y="32"/>
        <TopLine Value="15"/>
        <EditorIndex Value="0"/>
        <UsageCount Value="20"/>
        <Loaded Value="True"/>
      </Unit0>
    </Units>
    <JumpHistory Count="0" HistoryIndex="-1"/>
  </ProjectOptions>
  <CompilerOptions>
    <Version Value="5"/>
    <PathDelim Value="\"/>
    <CodeGeneration>
      <Generate Value="Faster"/>
    </CodeGeneration>
    <Other>
      <CompilerPath Value="$(CompPath)"/>
    </Other>
  </CompilerOptions>
  <Debugging>
    <BreakPoints Count="1">
      <Item1>
        <Source Value="F:\ʡѡ\2010\susu.pas"/>
        <Line Value="36"/>
      </Item1>
    </BreakPoints>
    <Watches Count="15">
      <Item1>
        <Expression Value="mid"/>
      </Item1>
      <Item2>
        <Expression Value="t"/>
      </Item2>
      <Item3>
        <Expression Value="w"/>
      </Item3>
      <Item4>
        <Expression Value="s[mid][xx][yy]"/>
      </Item4>
      <Item5>
        <Expression Value="s[mid][x][y]"/>
      </Item5>
      <Item6>
        <Expression Value="xx"/>
      </Item6>
      <Item7>
        <Expression Value="yy"/>
      </Item7>
      <Item8>
        <Expression Value="x"/>
      </Item8>
      <Item9>
        <Expression Value="y"/>
      </Item9>
      <Item10>
        <Expression Value="si"/>
      </Item10>
      <Item11>
        <Expression Value="n"/>
      </Item11>
      <Item12>
        <Expression Value="su[j]"/>
      </Item12>
      <Item13>
        <Expression Value="ans"/>
      </Item13>
      <Item14>
        <Expression Value="su"/>
      </Item14>
      <Item15>
        <Expression Value="n"/>
      </Item15>
    </Watches>
  </Debugging>
</CONFIG>
